
Microsoft Visual Studio Solution File, Format Version 12.00
# Visual Studio 15
VisualStudioVersion = 15.0.28307.489
MinimumVisualStudioVersion = 10.0.40219.1
Project("{FAE04EC0-301F-11D3-BF4B-00C04F79EFBC}") = "H3guyCash", "H3guyCash\H3guyCash.csproj", "{75C36ED2-BDF9-4FFC-84EC-3FE85FE38FB8}"
EndProject
Global
	GlobalSection(SolutionConfigurationPlatforms) = preSolution
		Debug|Any CPU = Debug|Any CPU
		Release|Any CPU = Release|Any CPU
	EndGlobalSection
	GlobalSection(ProjectConfigurationPlatforms) = postSolution
		{75C36ED2-BDF9-4FFC-84EC-3FE85FE38FB8}.Debug|Any CPU.ActiveCfg = Debug|Any CPU
		{75C36ED2-BDF9-4FFC-84EC-3FE85FE38FB8}.Debug|Any CPU.Build.0 = Debug|Any CPU
		{75C36ED2-BDF9-4FFC-84EC-3FE85FE38FB8}.Release|Any CPU.ActiveCfg = Release|Any CPU
		{75C36ED2-BDF9-4FFC-84EC-3FE85FE38FB8}.Release|Any CPU.Build.0 = Release|Any CPU
	EndGlobalSection
	GlobalSection(SolutionProperties) = preSolution
		HideSolutionNode = FALSE
	EndGlobalSection
	GlobalSection(ExtensibilityGlobals) = postSolution
		SolutionGuid = {675F6DF7-0767-4F51-A9F4-4F669F2B992C}
	EndGlobalSection
EndGlobal
