
Microsoft Visual Studio Solution File, Format Version 12.00
# Visual Studio 15
VisualStudioVersion = 15.0.28307.489
MinimumVisualStudioVersion = 10.0.40219.1
Project("{FAE04EC0-301F-11D3-BF4B-00C04F79EFBC}") = "WindowsFormsApp1", "WindowsFormsApp1\WindowsFormsApp1.csproj", "{BD0F1DB0-FB02-4EBC-BD65-75E434E69FDB}"
EndProject
Global
	GlobalSection(SolutionConfigurationPlatforms) = preSolution
		Debug|Any CPU = Debug|Any CPU
		Release|Any CPU = Release|Any CPU
	EndGlobalSection
	GlobalSection(ProjectConfigurationPlatforms) = postSolution
		{BD0F1DB0-FB02-4EBC-BD65-75E434E69FDB}.Debug|Any CPU.ActiveCfg = Debug|Any CPU
		{BD0F1DB0-FB02-4EBC-BD65-75E434E69FDB}.Debug|Any CPU.Build.0 = Debug|Any CPU
		{BD0F1DB0-FB02-4EBC-BD65-75E434E69FDB}.Release|Any CPU.ActiveCfg = Release|Any CPU
		{BD0F1DB0-FB02-4EBC-BD65-75E434E69FDB}.Release|Any CPU.Build.0 = Release|Any CPU
	EndGlobalSection
	GlobalSection(SolutionProperties) = preSolution
		HideSolutionNode = FALSE
	EndGlobalSection
	GlobalSection(ExtensibilityGlobals) = postSolution
		SolutionGuid = {6012C472-8667-4C62-8CB7-4ADC482BC9FF}
	EndGlobalSection
EndGlobal
