
Microsoft Visual Studio Solution File, Format Version 12.00
# Visual Studio 15
VisualStudioVersion = 15.0.28307.489
MinimumVisualStudioVersion = 10.0.40219.1
Project("{FAE04EC0-301F-11D3-BF4B-00C04F79EFBC}") = "DayAtTheRaces", "DayAtTheRaces\DayAtTheRaces.csproj", "{2E479159-B2DF-4E71-8581-3EA7CD1052FC}"
EndProject
Global
	GlobalSection(SolutionConfigurationPlatforms) = preSolution
		Debug|Any CPU = Debug|Any CPU
		Release|Any CPU = Release|Any CPU
	EndGlobalSection
	GlobalSection(ProjectConfigurationPlatforms) = postSolution
		{2E479159-B2DF-4E71-8581-3EA7CD1052FC}.Debug|Any CPU.ActiveCfg = Debug|Any CPU
		{2E479159-B2DF-4E71-8581-3EA7CD1052FC}.Debug|Any CPU.Build.0 = Debug|Any CPU
		{2E479159-B2DF-4E71-8581-3EA7CD1052FC}.Release|Any CPU.ActiveCfg = Release|Any CPU
		{2E479159-B2DF-4E71-8581-3EA7CD1052FC}.Release|Any CPU.Build.0 = Release|Any CPU
	EndGlobalSection
	GlobalSection(SolutionProperties) = preSolution
		HideSolutionNode = FALSE
	EndGlobalSection
	GlobalSection(ExtensibilityGlobals) = postSolution
		SolutionGuid = {3C89F403-3DB0-4BB1-988A-4C12D4870DFB}
	EndGlobalSection
EndGlobal
