
Microsoft Visual Studio Solution File, Format Version 12.00
# Visual Studio 15
VisualStudioVersion = 15.0.28307.489
MinimumVisualStudioVersion = 10.0.40219.1
Project("{FAE04EC0-301F-11D3-BF4B-00C04F79EFBC}") = "OlifantProg", "OlifantProg\OlifantProg.csproj", "{39B10E8E-3896-46AB-8101-8D1D62051090}"
EndProject
Global
	GlobalSection(SolutionConfigurationPlatforms) = preSolution
		Debug|Any CPU = Debug|Any CPU
		Release|Any CPU = Release|Any CPU
	EndGlobalSection
	GlobalSection(ProjectConfigurationPlatforms) = postSolution
		{39B10E8E-3896-46AB-8101-8D1D62051090}.Debug|Any CPU.ActiveCfg = Debug|Any CPU
		{39B10E8E-3896-46AB-8101-8D1D62051090}.Debug|Any CPU.Build.0 = Debug|Any CPU
		{39B10E8E-3896-46AB-8101-8D1D62051090}.Release|Any CPU.ActiveCfg = Release|Any CPU
		{39B10E8E-3896-46AB-8101-8D1D62051090}.Release|Any CPU.Build.0 = Release|Any CPU
	EndGlobalSection
	GlobalSection(SolutionProperties) = preSolution
		HideSolutionNode = FALSE
	EndGlobalSection
	GlobalSection(ExtensibilityGlobals) = postSolution
		SolutionGuid = {7B02201B-B00C-4B62-8AA3-BACBE44927DB}
	EndGlobalSection
EndGlobal
